# This file is automatically @generated by Cargo.
# It is not intended for manual editing.
version = 3

[[package]]
name = "control_flow_basics"
version = "0.1.0"

[[package]]
name = "hello_world"
version = "0.1.0"

[[package]]
name = "references"
version = "0.1.0"

[[package]]
name = "tuples_and_arrays"
version = "0.1.0"

[[package]]
name = "types_and_values"
version = "0.1.0"
